
Microsoft Visual Studio Solution File, Format Version 11.00
# Visual Studio 2010
Project("{8BC9CEB8-8B4A-11D0-8D11-00A0C91BC942}") = "ToolBasic00", "ToolBasic00.vcxproj", "{0B8B7326-4055-4971-B229-2E0993914255}"
EndProject
Global
	GlobalSection(SolutionConfigurationPlatforms) = preSolution
		Debug|Win32 = Debug|Win32
		Release|Win32 = Release|Win32
	EndGlobalSection
	GlobalSection(ProjectConfigurationPlatforms) = postSolution
		{0B8B7326-4055-4971-B229-2E0993914255}.Debug|Win32.ActiveCfg = Debug|Win32
		{0B8B7326-4055-4971-B229-2E0993914255}.Debug|Win32.Build.0 = Debug|Win32
		{0B8B7326-4055-4971-B229-2E0993914255}.Release|Win32.ActiveCfg = Release|Win32
		{0B8B7326-4055-4971-B229-2E0993914255}.Release|Win32.Build.0 = Release|Win32
	EndGlobalSection
	GlobalSection(SolutionProperties) = preSolution
		HideSolutionNode = FALSE
	EndGlobalSection
EndGlobal
